
Microsoft Visual Studio Solution File, Format Version 12.00
# Visual Studio Version 17
VisualStudioVersion = 17.8.34511.84
MinimumVisualStudioVersion = 10.0.40219.1
Project("{F2A71F9B-5D33-465A-A702-920D77279786}") = "HestonFS", "HestonFS\HestonFS.fsproj", "{67AF109D-44A1-4119-A45F-306180BD7484}"
EndProject
Global
	GlobalSection(SolutionConfigurationPlatforms) = preSolution
		Debug|Any CPU = Debug|Any CPU
		Release|Any CPU = Release|Any CPU
	EndGlobalSection
	GlobalSection(ProjectConfigurationPlatforms) = postSolution
		{67AF109D-44A1-4119-A45F-306180BD7484}.Debug|Any CPU.ActiveCfg = Debug|Any CPU
		{67AF109D-44A1-4119-A45F-306180BD7484}.Debug|Any CPU.Build.0 = Debug|Any CPU
		{67AF109D-44A1-4119-A45F-306180BD7484}.Release|Any CPU.ActiveCfg = Release|Any CPU
		{67AF109D-44A1-4119-A45F-306180BD7484}.Release|Any CPU.Build.0 = Release|Any CPU
	EndGlobalSection
	GlobalSection(SolutionProperties) = preSolution
		HideSolutionNode = FALSE
	EndGlobalSection
	GlobalSection(ExtensibilityGlobals) = postSolution
		SolutionGuid = {10533E96-10B2-4BE1-92CB-5A26349814D8}
	EndGlobalSection
EndGlobal
